
Microsoft Visual Studio Solution File, Format Version 12.00
# Visual Studio Version 16
VisualStudioVersion = 16.0.29519.87
MinimumVisualStudioVersion = 10.0.40219.1
Project("{FAE04EC0-301F-11D3-BF4B-00C04F79EFBC}") = "SalesWebMvc", "SalesWebMvc\SalesWebMvc.csproj", "{ED1CB859-50D7-4471-848F-B5F0F6BB35C3}"
EndProject
Global
	GlobalSection(SolutionConfigurationPlatforms) = preSolution
		Debug|Any CPU = Debug|Any CPU
		Release|Any CPU = Release|Any CPU
	EndGlobalSection
	GlobalSection(ProjectConfigurationPlatforms) = postSolution
		{ED1CB859-50D7-4471-848F-B5F0F6BB35C3}.Debug|Any CPU.ActiveCfg = Debug|Any CPU
		{ED1CB859-50D7-4471-848F-B5F0F6BB35C3}.Debug|Any CPU.Build.0 = Debug|Any CPU
		{ED1CB859-50D7-4471-848F-B5F0F6BB35C3}.Release|Any CPU.ActiveCfg = Release|Any CPU
		{ED1CB859-50D7-4471-848F-B5F0F6BB35C3}.Release|Any CPU.Build.0 = Release|Any CPU
	EndGlobalSection
	GlobalSection(SolutionProperties) = preSolution
		HideSolutionNode = FALSE
	EndGlobalSection
	GlobalSection(ExtensibilityGlobals) = postSolution
		SolutionGuid = {27547F8F-706D-435F-86FD-BA70F4BDF53C}
	EndGlobalSection
EndGlobal
